
Microsoft Visual Studio Solution File, Format Version 12.00
# Visual Studio Version 16
VisualStudioVersion = 16.0.29806.167
MinimumVisualStudioVersion = 10.0.40219.1
Project("{FAE04EC0-301F-11D3-BF4B-00C04F79EFBC}") = "ProjectA", "ProjectA\ProjectA.csproj", "{F0F13AAC-4378-48BB-A044-7EE1F0596FAC}"
EndProject
Global
	GlobalSection(SolutionConfigurationPlatforms) = preSolution
		Debug|Any CPU = Debug|Any CPU
		Release|Any CPU = Release|Any CPU
	EndGlobalSection
	GlobalSection(ProjectConfigurationPlatforms) = postSolution
		{F0F13AAC-4378-48BB-A044-7EE1F0596FAC}.Debug|Any CPU.ActiveCfg = Debug|Any CPU
		{F0F13AAC-4378-48BB-A044-7EE1F0596FAC}.Debug|Any CPU.Build.0 = Debug|Any CPU
		{F0F13AAC-4378-48BB-A044-7EE1F0596FAC}.Release|Any CPU.ActiveCfg = Release|Any CPU
		{F0F13AAC-4378-48BB-A044-7EE1F0596FAC}.Release|Any CPU.Build.0 = Release|Any CPU
	EndGlobalSection
	GlobalSection(SolutionProperties) = preSolution
		HideSolutionNode = FALSE
	EndGlobalSection
	GlobalSection(ExtensibilityGlobals) = postSolution
		SolutionGuid = {748C0C82-28B8-47CB-9A00-9E1183D5D87A}
	EndGlobalSection
EndGlobal
